
Microsoft Visual Studio Solution File, Format Version 12.00
# Visual Studio Version 17
VisualStudioVersion = 17.0.31815.197
MinimumVisualStudioVersion = 10.0.40219.1
Project("{9A19103F-16F7-4668-BE54-9A1E7A4F7556}") = "Sewer56.Update", "Sewer56.Update\Sewer56.Update.csproj", "{5BDCA832-B335-4CDF-A09F-A9CF184276B9}"
EndProject
Project("{9A19103F-16F7-4668-BE54-9A1E7A4F7556}") = "Sewer56.Update.Packaging", "Sewer56.Update.Packaging\Sewer56.Update.Packaging.csproj", "{BC907408-FB5F-4E1B-A9B3-F9DEA4C9526C}"
EndProject
Project("{9A19103F-16F7-4668-BE54-9A1E7A4F7556}") = "Sewer56.Update.Tests", "Sewer56.Update.Tests\Sewer56.Update.Tests.csproj", "{A980430B-5216-44BE-9693-6104B39C9C34}"
EndProject
Project("{9A19103F-16F7-4668-BE54-9A1E7A4F7556}") = "Sewer56.Update.Tests.Dummy", "Sewer56.Update.Tests.Dummy\Sewer56.Update.Tests.Dummy.csproj", "{E7119C53-185D-4A96-AD6C-149609B02292}"
EndProject
Project("{9A19103F-16F7-4668-BE54-9A1E7A4F7556}") = "Sewer56.Update.Misc", "Sewer56.Update.Misc\Sewer56.Update.Misc.csproj", "{F65789A5-EBAF-4CE7-956D-AFD188635C12}"
EndProject
Project("{9A19103F-16F7-4668-BE54-9A1E7A4F7556}") = "Sewer56.Update.Tool", "Sewer56.Update.Tool\Sewer56.Update.Tool.csproj", "{BFC01388-5AE0-41DC-B4D7-CBD0FBF9B4B8}"
EndProject
Project("{2150E333-8FDC-42A3-9474-1A3956D46DE8}") = "Extras", "Extras", "{B775AF40-AD9D-4A16-9D8F-033795B3B22C}"
EndProject
Project("{9A19103F-16F7-4668-BE54-9A1E7A4F7556}") = "Sewer56.Update.Extractors.SharpCompress", "Extractors\Sewer56.Update.Extractors.SharpCompress\Sewer56.Update.Extractors.SharpCompress.csproj", "{958D57D6-6095-4781-8249-97BD515CEE50}"
EndProject
Project("{9A19103F-16F7-4668-BE54-9A1E7A4F7556}") = "Sewer56.Update.Resolvers.GitHub", "Resolvers\Sewer56.Update.Resolvers.GitHub\Sewer56.Update.Resolvers.GitHub.csproj", "{D854213F-34EB-4196-AF54-BB463BF7C116}"
EndProject
Project("{9A19103F-16F7-4668-BE54-9A1E7A4F7556}") = "Sewer56.Update.Resolvers.GameBanana", "Resolvers\Sewer56.Update.Resolvers.GameBanana\Sewer56.Update.Resolvers.GameBanana.csproj", "{2F45BF2A-C340-4341-A691-6CCB61189C0B}"
EndProject
Project("{9A19103F-16F7-4668-BE54-9A1E7A4F7556}") = "Sewer56.Update.Resolvers.NuGet", "Resolvers\Sewer56.Update.Resolvers.NuGet\Sewer56.Update.Resolvers.NuGet.csproj", "{9BF144F9-89EC-4E55-A47F-6C2A9C4FAF8F}"
EndProject
Project("{FAE04EC0-301F-11D3-BF4B-00C04F79EFBC}") = "Sewer56.Update.Extractors.SevenZipSharp", "Extractors\Sewer56.Update.Extractors.SevenZipSharp\Sewer56.Update.Extractors.SevenZipSharp.csproj", "{64E24803-98A4-46FC-97E0-3E29B1C92AE2}"
EndProject
Global
	GlobalSection(SolutionConfigurationPlatforms) = preSolution
		Debug|Any CPU = Debug|Any CPU
		Release|Any CPU = Release|Any CPU
	EndGlobalSection
	GlobalSection(ProjectConfigurationPlatforms) = postSolution
		{5BDCA832-B335-4CDF-A09F-A9CF184276B9}.Debug|Any CPU.ActiveCfg = Debug|Any CPU
		{5BDCA832-B335-4CDF-A09F-A9CF184276B9}.Debug|Any CPU.Build.0 = Debug|Any CPU
		{5BDCA832-B335-4CDF-A09F-A9CF184276B9}.Release|Any CPU.ActiveCfg = Release|Any CPU
		{5BDCA832-B335-4CDF-A09F-A9CF184276B9}.Release|Any CPU.Build.0 = Release|Any CPU
		{BC907408-FB5F-4E1B-A9B3-F9DEA4C9526C}.Debug|Any CPU.ActiveCfg = Debug|Any CPU
		{BC907408-FB5F-4E1B-A9B3-F9DEA4C9526C}.Debug|Any CPU.Build.0 = Debug|Any CPU
		{BC907408-FB5F-4E1B-A9B3-F9DEA4C9526C}.Release|Any CPU.ActiveCfg = Release|Any CPU
		{BC907408-FB5F-4E1B-A9B3-F9DEA4C9526C}.Release|Any CPU.Build.0 = Release|Any CPU
		{A980430B-5216-44BE-9693-6104B39C9C34}.Debug|Any CPU.ActiveCfg = Debug|Any CPU
		{A980430B-5216-44BE-9693-6104B39C9C34}.Debug|Any CPU.Build.0 = Debug|Any CPU
		{A980430B-5216-44BE-9693-6104B39C9C34}.Release|Any CPU.ActiveCfg = Release|Any CPU
		{A980430B-5216-44BE-9693-6104B39C9C34}.Release|Any CPU.Build.0 = Release|Any CPU
		{E7119C53-185D-4A96-AD6C-149609B02292}.Debug|Any CPU.ActiveCfg = Debug|Any CPU
		{E7119C53-185D-4A96-AD6C-149609B02292}.Debug|Any CPU.Build.0 = Debug|Any CPU
		{E7119C53-185D-4A96-AD6C-149609B02292}.Release|Any CPU.ActiveCfg = Release|Any CPU
		{E7119C53-185D-4A96-AD6C-149609B02292}.Release|Any CPU.Build.0 = Release|Any CPU
		{F65789A5-EBAF-4CE7-956D-AFD188635C12}.Debug|Any CPU.ActiveCfg = Debug|Any CPU
		{F65789A5-EBAF-4CE7-956D-AFD188635C12}.Debug|Any CPU.Build.0 = Debug|Any CPU
		{F65789A5-EBAF-4CE7-956D-AFD188635C12}.Release|Any CPU.ActiveCfg = Release|Any CPU
		{F65789A5-EBAF-4CE7-956D-AFD188635C12}.Release|Any CPU.Build.0 = Release|Any CPU
		{BFC01388-5AE0-41DC-B4D7-CBD0FBF9B4B8}.Debug|Any CPU.ActiveCfg = Debug|Any CPU
		{BFC01388-5AE0-41DC-B4D7-CBD0FBF9B4B8}.Debug|Any CPU.Build.0 = Debug|Any CPU
		{BFC01388-5AE0-41DC-B4D7-CBD0FBF9B4B8}.Release|Any CPU.ActiveCfg = Release|Any CPU
		{BFC01388-5AE0-41DC-B4D7-CBD0FBF9B4B8}.Release|Any CPU.Build.0 = Release|Any CPU
		{958D57D6-6095-4781-8249-97BD515CEE50}.Debug|Any CPU.ActiveCfg = Debug|Any CPU
		{958D57D6-6095-4781-8249-97BD515CEE50}.Debug|Any CPU.Build.0 = Debug|Any CPU
		{958D57D6-6095-4781-8249-97BD515CEE50}.Release|Any CPU.ActiveCfg = Release|Any CPU
		{958D57D6-6095-4781-8249-97BD515CEE50}.Release|Any CPU.Build.0 = Release|Any CPU
		{D854213F-34EB-4196-AF54-BB463BF7C116}.Debug|Any CPU.ActiveCfg = Debug|Any CPU
		{D854213F-34EB-4196-AF54-BB463BF7C116}.Debug|Any CPU.Build.0 = Debug|Any CPU
		{D854213F-34EB-4196-AF54-BB463BF7C116}.Release|Any CPU.ActiveCfg = Release|Any CPU
		{D854213F-34EB-4196-AF54-BB463BF7C116}.Release|Any CPU.Build.0 = Release|Any CPU
		{2F45BF2A-C340-4341-A691-6CCB61189C0B}.Debug|Any CPU.ActiveCfg = Debug|Any CPU
		{2F45BF2A-C340-4341-A691-6CCB61189C0B}.Debug|Any CPU.Build.0 = Debug|Any CPU
		{2F45BF2A-C340-4341-A691-6CCB61189C0B}.Release|Any CPU.ActiveCfg = Release|Any CPU
		{2F45BF2A-C340-4341-A691-6CCB61189C0B}.Release|Any CPU.Build.0 = Release|Any CPU
		{9BF144F9-89EC-4E55-A47F-6C2A9C4FAF8F}.Debug|Any CPU.ActiveCfg = Debug|Any CPU
		{9BF144F9-89EC-4E55-A47F-6C2A9C4FAF8F}.Debug|Any CPU.Build.0 = Debug|Any CPU
		{9BF144F9-89EC-4E55-A47F-6C2A9C4FAF8F}.Release|Any CPU.ActiveCfg = Release|Any CPU
		{9BF144F9-89EC-4E55-A47F-6C2A9C4FAF8F}.Release|Any CPU.Build.0 = Release|Any CPU
		{64E24803-98A4-46FC-97E0-3E29B1C92AE2}.Debug|Any CPU.ActiveCfg = Debug|Any CPU
		{64E24803-98A4-46FC-97E0-3E29B1C92AE2}.Debug|Any CPU.Build.0 = Debug|Any CPU
		{64E24803-98A4-46FC-97E0-3E29B1C92AE2}.Release|Any CPU.ActiveCfg = Release|Any CPU
		{64E24803-98A4-46FC-97E0-3E29B1C92AE2}.Release|Any CPU.Build.0 = Release|Any CPU
	EndGlobalSection
	GlobalSection(SolutionProperties) = preSolution
		HideSolutionNode = FALSE
	EndGlobalSection
	GlobalSection(NestedProjects) = preSolution
		{958D57D6-6095-4781-8249-97BD515CEE50} = {B775AF40-AD9D-4A16-9D8F-033795B3B22C}
		{D854213F-34EB-4196-AF54-BB463BF7C116} = {B775AF40-AD9D-4A16-9D8F-033795B3B22C}
		{2F45BF2A-C340-4341-A691-6CCB61189C0B} = {B775AF40-AD9D-4A16-9D8F-033795B3B22C}
		{9BF144F9-89EC-4E55-A47F-6C2A9C4FAF8F} = {B775AF40-AD9D-4A16-9D8F-033795B3B22C}
		{64E24803-98A4-46FC-97E0-3E29B1C92AE2} = {B775AF40-AD9D-4A16-9D8F-033795B3B22C}
	EndGlobalSection
	GlobalSection(ExtensibilityGlobals) = postSolution
		SolutionGuid = {61C6447A-EA3D-4933-80BC-38F3D6ED8FBA}
	EndGlobalSection
EndGlobal
