
Microsoft Visual Studio Solution File, Format Version 12.00
# Visual Studio Version 17
VisualStudioVersion = 17.0.31815.197
MinimumVisualStudioVersion = 10.0.40219.1
Project("{9A19103F-16F7-4668-BE54-9A1E7A4F7556}") = "Sewer56.Update", "Sewer56.Update\Sewer56.Update.csproj", "{5BDCA832-B335-4CDF-A09F-A9CF184276B9}"
EndProject
Project("{2150E333-8FDC-42A3-9474-1A3956D46DE8}") = "Submodules", "Submodules", "{49BB6875-072B-40A7-92E3-C9A306352A75}"
EndProject
Project("{9A19103F-16F7-4668-BE54-9A1E7A4F7556}") = "Sewer56.DeltaPatchGenerator.Lib", "..\Submodules\Sewer56.DeltaPatchGenerators\Sewer56.DeltaPatchGenerator.Lib\Sewer56.DeltaPatchGenerator.Lib.csproj", "{5FFC50DD-D837-4BF9-8720-8FC3F5245E76}"
EndProject
Project("{2150E333-8FDC-42A3-9474-1A3956D46DE8}") = "SubSubmodules", "SubSubmodules", "{A08BC328-342B-4C32-85B1-42EFF844B83E}"
EndProject
Project("{9A19103F-16F7-4668-BE54-9A1E7A4F7556}") = "VCDiff", "..\Submodules\Sewer56.DeltaPatchGenerators\Submodules\vcdiff\src\VCDiff\VCDiff.csproj", "{88FBA45B-7570-47F4-A3A6-658699612341}"
EndProject
Project("{9A19103F-16F7-4668-BE54-9A1E7A4F7556}") = "Sewer56.Update.Packaging", "Sewer56.Update.Packaging\Sewer56.Update.Packaging.csproj", "{BC907408-FB5F-4E1B-A9B3-F9DEA4C9526C}"
EndProject
Project("{9A19103F-16F7-4668-BE54-9A1E7A4F7556}") = "Sewer56.Update.Tests", "Sewer56.Update.Tests\Sewer56.Update.Tests.csproj", "{A980430B-5216-44BE-9693-6104B39C9C34}"
EndProject
Project("{9A19103F-16F7-4668-BE54-9A1E7A4F7556}") = "Sewer56.Update.Tests.Dummy", "Sewer56.Update.Tests.Dummy\Sewer56.Update.Tests.Dummy.csproj", "{E7119C53-185D-4A96-AD6C-149609B02292}"
EndProject
Project("{9A19103F-16F7-4668-BE54-9A1E7A4F7556}") = "Sewer56.Update.Misc", "Sewer56.Update.Misc\Sewer56.Update.Misc.csproj", "{F65789A5-EBAF-4CE7-956D-AFD188635C12}"
EndProject
Project("{FAE04EC0-301F-11D3-BF4B-00C04F79EFBC}") = "Sewer56.Update.Tool", "Sewer56.Update.Tool\Sewer56.Update.Tool.csproj", "{BFC01388-5AE0-41DC-B4D7-CBD0FBF9B4B8}"
EndProject
Project("{2150E333-8FDC-42A3-9474-1A3956D46DE8}") = "Extras", "Extras", "{B775AF40-AD9D-4A16-9D8F-033795B3B22C}"
EndProject
Project("{FAE04EC0-301F-11D3-BF4B-00C04F79EFBC}") = "Sewer56.Update.Extractors.SharpCompress", "Extractors\Sewer56.Update.Extractors.SharpCompress\Sewer56.Update.Extractors.SharpCompress.csproj", "{958D57D6-6095-4781-8249-97BD515CEE50}"
EndProject
Global
	GlobalSection(SolutionConfigurationPlatforms) = preSolution
		Debug|Any CPU = Debug|Any CPU
		Release|Any CPU = Release|Any CPU
	EndGlobalSection
	GlobalSection(ProjectConfigurationPlatforms) = postSolution
		{5BDCA832-B335-4CDF-A09F-A9CF184276B9}.Debug|Any CPU.ActiveCfg = Debug|Any CPU
		{5BDCA832-B335-4CDF-A09F-A9CF184276B9}.Debug|Any CPU.Build.0 = Debug|Any CPU
		{5BDCA832-B335-4CDF-A09F-A9CF184276B9}.Release|Any CPU.ActiveCfg = Release|Any CPU
		{5BDCA832-B335-4CDF-A09F-A9CF184276B9}.Release|Any CPU.Build.0 = Release|Any CPU
		{5FFC50DD-D837-4BF9-8720-8FC3F5245E76}.Debug|Any CPU.ActiveCfg = Debug|Any CPU
		{5FFC50DD-D837-4BF9-8720-8FC3F5245E76}.Debug|Any CPU.Build.0 = Debug|Any CPU
		{5FFC50DD-D837-4BF9-8720-8FC3F5245E76}.Release|Any CPU.ActiveCfg = Release|Any CPU
		{5FFC50DD-D837-4BF9-8720-8FC3F5245E76}.Release|Any CPU.Build.0 = Release|Any CPU
		{88FBA45B-7570-47F4-A3A6-658699612341}.Debug|Any CPU.ActiveCfg = Debug|Any CPU
		{88FBA45B-7570-47F4-A3A6-658699612341}.Debug|Any CPU.Build.0 = Debug|Any CPU
		{88FBA45B-7570-47F4-A3A6-658699612341}.Release|Any CPU.ActiveCfg = Release|Any CPU
		{88FBA45B-7570-47F4-A3A6-658699612341}.Release|Any CPU.Build.0 = Release|Any CPU
		{BC907408-FB5F-4E1B-A9B3-F9DEA4C9526C}.Debug|Any CPU.ActiveCfg = Debug|Any CPU
		{BC907408-FB5F-4E1B-A9B3-F9DEA4C9526C}.Debug|Any CPU.Build.0 = Debug|Any CPU
		{BC907408-FB5F-4E1B-A9B3-F9DEA4C9526C}.Release|Any CPU.ActiveCfg = Release|Any CPU
		{BC907408-FB5F-4E1B-A9B3-F9DEA4C9526C}.Release|Any CPU.Build.0 = Release|Any CPU
		{A980430B-5216-44BE-9693-6104B39C9C34}.Debug|Any CPU.ActiveCfg = Debug|Any CPU
		{A980430B-5216-44BE-9693-6104B39C9C34}.Debug|Any CPU.Build.0 = Debug|Any CPU
		{A980430B-5216-44BE-9693-6104B39C9C34}.Release|Any CPU.ActiveCfg = Release|Any CPU
		{A980430B-5216-44BE-9693-6104B39C9C34}.Release|Any CPU.Build.0 = Release|Any CPU
		{E7119C53-185D-4A96-AD6C-149609B02292}.Debug|Any CPU.ActiveCfg = Debug|Any CPU
		{E7119C53-185D-4A96-AD6C-149609B02292}.Debug|Any CPU.Build.0 = Debug|Any CPU
		{E7119C53-185D-4A96-AD6C-149609B02292}.Release|Any CPU.ActiveCfg = Release|Any CPU
		{E7119C53-185D-4A96-AD6C-149609B02292}.Release|Any CPU.Build.0 = Release|Any CPU
		{F65789A5-EBAF-4CE7-956D-AFD188635C12}.Debug|Any CPU.ActiveCfg = Debug|Any CPU
		{F65789A5-EBAF-4CE7-956D-AFD188635C12}.Debug|Any CPU.Build.0 = Debug|Any CPU
		{F65789A5-EBAF-4CE7-956D-AFD188635C12}.Release|Any CPU.ActiveCfg = Release|Any CPU
		{F65789A5-EBAF-4CE7-956D-AFD188635C12}.Release|Any CPU.Build.0 = Release|Any CPU
		{BFC01388-5AE0-41DC-B4D7-CBD0FBF9B4B8}.Debug|Any CPU.ActiveCfg = Debug|Any CPU
		{BFC01388-5AE0-41DC-B4D7-CBD0FBF9B4B8}.Debug|Any CPU.Build.0 = Debug|Any CPU
		{BFC01388-5AE0-41DC-B4D7-CBD0FBF9B4B8}.Release|Any CPU.ActiveCfg = Release|Any CPU
		{BFC01388-5AE0-41DC-B4D7-CBD0FBF9B4B8}.Release|Any CPU.Build.0 = Release|Any CPU
		{958D57D6-6095-4781-8249-97BD515CEE50}.Debug|Any CPU.ActiveCfg = Debug|Any CPU
		{958D57D6-6095-4781-8249-97BD515CEE50}.Debug|Any CPU.Build.0 = Debug|Any CPU
		{958D57D6-6095-4781-8249-97BD515CEE50}.Release|Any CPU.ActiveCfg = Release|Any CPU
		{958D57D6-6095-4781-8249-97BD515CEE50}.Release|Any CPU.Build.0 = Release|Any CPU
	EndGlobalSection
	GlobalSection(SolutionProperties) = preSolution
		HideSolutionNode = FALSE
	EndGlobalSection
	GlobalSection(NestedProjects) = preSolution
		{5FFC50DD-D837-4BF9-8720-8FC3F5245E76} = {49BB6875-072B-40A7-92E3-C9A306352A75}
		{A08BC328-342B-4C32-85B1-42EFF844B83E} = {49BB6875-072B-40A7-92E3-C9A306352A75}
		{88FBA45B-7570-47F4-A3A6-658699612341} = {A08BC328-342B-4C32-85B1-42EFF844B83E}
		{958D57D6-6095-4781-8249-97BD515CEE50} = {B775AF40-AD9D-4A16-9D8F-033795B3B22C}
	EndGlobalSection
	GlobalSection(ExtensibilityGlobals) = postSolution
		SolutionGuid = {61C6447A-EA3D-4933-80BC-38F3D6ED8FBA}
	EndGlobalSection
EndGlobal
